# THIS IS AN AUTOGENERATED FILE. DO NOT EDIT THIS FILE DIRECTLY.
# yarn lockfile v1


cordova-plugin-appcenter-push@^0.5.1:
  version "0.5.1"
  resolved "https://registry.npm.taobao.org/cordova-plugin-appcenter-push/download/cordova-plugin-appcenter-push-0.5.1.tgz#05662ed5565b00297b235c7813e95d53b01f421c"
  integrity sha1-BWYu1VZbACl7I1x4E+ldU7AfQhw=
